
Microsoft Visual Studio Solution File, Format Version 12.00
# Visual Studio 14
VisualStudioVersion = 14.0.23107.0
MinimumVisualStudioVersion = 10.0.40219.1
Project("{FAE04EC0-301F-11D3-BF4B-00C04F79EFBC}") = "Calculator.ConsoleApplication", "Calculator.ConsoleApplication\Calculator.ConsoleApplication.csproj", "{82E0F6E8-3F83-410F-A51C-D71049389780}"
EndProject
Project("{FAE04EC0-301F-11D3-BF4B-00C04F79EFBC}") = "NonStaticMathOperation", "NonStaticMathOperation\NonStaticMathOperation.csproj", "{81869283-A1CC-4CFF-9DF6-095AA0D38DE5}"
EndProject
Project("{FAE04EC0-301F-11D3-BF4B-00C04F79EFBC}") = "StaticMathOperations", "StaticMathOperations\StaticMathOperations.csproj", "{3720C9D3-DB49-4F5F-80C8-A347CFA4C6F6}"
EndProject
Global
	GlobalSection(SolutionConfigurationPlatforms) = preSolution
		Debug|Any CPU = Debug|Any CPU
		Release|Any CPU = Release|Any CPU
	EndGlobalSection
	GlobalSection(ProjectConfigurationPlatforms) = postSolution
		{82E0F6E8-3F83-410F-A51C-D71049389780}.Debug|Any CPU.ActiveCfg = Debug|Any CPU
		{82E0F6E8-3F83-410F-A51C-D71049389780}.Debug|Any CPU.Build.0 = Debug|Any CPU
		{82E0F6E8-3F83-410F-A51C-D71049389780}.Release|Any CPU.ActiveCfg = Release|Any CPU
		{82E0F6E8-3F83-410F-A51C-D71049389780}.Release|Any CPU.Build.0 = Release|Any CPU
		{81869283-A1CC-4CFF-9DF6-095AA0D38DE5}.Debug|Any CPU.ActiveCfg = Debug|Any CPU
		{81869283-A1CC-4CFF-9DF6-095AA0D38DE5}.Debug|Any CPU.Build.0 = Debug|Any CPU
		{81869283-A1CC-4CFF-9DF6-095AA0D38DE5}.Release|Any CPU.ActiveCfg = Release|Any CPU
		{81869283-A1CC-4CFF-9DF6-095AA0D38DE5}.Release|Any CPU.Build.0 = Release|Any CPU
		{3720C9D3-DB49-4F5F-80C8-A347CFA4C6F6}.Debug|Any CPU.ActiveCfg = Debug|Any CPU
		{3720C9D3-DB49-4F5F-80C8-A347CFA4C6F6}.Debug|Any CPU.Build.0 = Debug|Any CPU
		{3720C9D3-DB49-4F5F-80C8-A347CFA4C6F6}.Release|Any CPU.ActiveCfg = Release|Any CPU
		{3720C9D3-DB49-4F5F-80C8-A347CFA4C6F6}.Release|Any CPU.Build.0 = Release|Any CPU
	EndGlobalSection
	GlobalSection(SolutionProperties) = preSolution
		HideSolutionNode = FALSE
	EndGlobalSection
	GlobalSection(ExtensibilityGlobals) = postSolution
		SolutionGuid = {DF7056FC-F0C8-464C-897B-ADFB68CBC6BB}
	EndGlobalSection
EndGlobal
